
Microsoft Visual Studio Solution File, Format Version 12.00
# Visual Studio 15
VisualStudioVersion = 15.0.26430.14
MinimumVisualStudioVersion = 10.0.40219.1
Project("{2150E333-8FDC-42A3-9474-1A3956D46DE8}") = "Tests", "Tests", "{F175CBD8-15BB-4446-A1FB-1490D23D5DCF}"
EndProject
Project("{FAE04EC0-301F-11D3-BF4B-00C04F79EFBC}") = "Softeq.XToolkit.Tests.Core", "Softeq.XToolkit.Tests.Core\Softeq.XToolkit.Tests.Core.csproj", "{FE6B959D-070D-4FFC-8A52-4AFDA1AABF87}"
EndProject
Project("{FAE04EC0-301F-11D3-BF4B-00C04F79EFBC}") = "Softeq.XToolkit.Auth", "Softeq.XToolkit.Auth\Softeq.XToolkit.Auth.csproj", "{69AF405C-00C8-49E9-8F87-9CEE3FF3D6B4}"
EndProject
Project("{FAE04EC0-301F-11D3-BF4B-00C04F79EFBC}") = "Softeq.XToolkit.RemoteData", "Softeq.XToolkit.RemoteData\Softeq.XToolkit.RemoteData.csproj", "{D978B78C-7A56-438E-ACF1-53C50A6B40FD}"
EndProject
Project("{FAE04EC0-301F-11D3-BF4B-00C04F79EFBC}") = "Softeq.XToolkit.Connectivity", "Softeq.XToolkit.Connectivity\Softeq.XToolkit.Connectivity.csproj", "{6C0776B7-23E3-4EFD-BE91-F64CC60ACB82}"
EndProject
Project("{FAE04EC0-301F-11D3-BF4B-00C04F79EFBC}") = "Softeq.XToolkit.Connectivity.iOS", "Softeq.XToolkit.Connectivity.iOS\Softeq.XToolkit.Connectivity.iOS.csproj", "{E4B0BBF2-0CF5-44C2-A03C-BA46B31EF93A}"
EndProject
Project("{FAE04EC0-301F-11D3-BF4B-00C04F79EFBC}") = "Softeq.XToolkit.Connectivity.Droid", "Softeq.XToolkit.Connectivity.Droid\Softeq.XToolkit.Connectivity.Droid.csproj", "{9A702878-8818-4737-B6AA-A2768C42382B}"
EndProject
Project("{2150E333-8FDC-42A3-9474-1A3956D46DE8}") = "Connectivity", "Connectivity", "{F6D23F1D-65F5-4D04-9B95-73581803DC07}"
EndProject
Project("{2150E333-8FDC-42A3-9474-1A3956D46DE8}") = "Caching", "Caching", "{581C6227-4FC6-428C-893C-BA70F8EFE4CE}"
EndProject
Project("{FAE04EC0-301F-11D3-BF4B-00C04F79EFBC}") = "Softeq.XToolkit.Caching", "Softeq.XToolkit.Caching\Softeq.XToolkit.Caching.csproj", "{DA131D9B-3B7B-4D65-9D25-CAAF7426F2C9}"
EndProject
Project("{2150E333-8FDC-42A3-9474-1A3956D46DE8}") = "Stripe", "Stripe", "{2AFF9117-6043-446D-B670-953810D696DF}"
EndProject
Project("{FAE04EC0-301F-11D3-BF4B-00C04F79EFBC}") = "Softeq.XToolkit.Stripe", "Softeq.XToolkit.Stripe\Softeq.XToolkit.Stripe.csproj", "{E08C674D-C9AA-4E39-A109-DB56C2489210}"
EndProject
Project("{FAE04EC0-301F-11D3-BF4B-00C04F79EFBC}") = "Softeq.XToolkit.Stripe.Droid", "Softeq.XToolkit.Stripe.Droid\Softeq.XToolkit.Stripe.Droid.csproj", "{5E09A821-884F-41D8-8491-D3C6B8D77404}"
EndProject
Project("{FAE04EC0-301F-11D3-BF4B-00C04F79EFBC}") = "Softeq.XToolkit.Stripe.iOS", "Softeq.XToolkit.Stripe.iOS\Softeq.XToolkit.Stripe.iOS.csproj", "{45666951-B87E-4CE0-861A-A9B6A3DD37A1}"
EndProject
Project("{FAE04EC0-301F-11D3-BF4B-00C04F79EFBC}") = "Softeq.XToolkit.Caching.Realm", "Softeq.XToolkit.Caching.Realm\Softeq.XToolkit.Caching.Realm.csproj", "{9828585A-6EF5-4536-917A-229EFC15B119}"
EndProject
Project("{FAE04EC0-301F-11D3-BF4B-00C04F79EFBC}") = "Softeq.XToolkit.Tooltips.Droid", "Softeq.XToolkit.Tooltips.Droid\Softeq.XToolkit.Tooltips.Droid.csproj", "{720E6A6E-48FE-4563-9743-41B4E3C4DD56}"
EndProject
Project("{2150E333-8FDC-42A3-9474-1A3956D46DE8}") = "softeq.xtoolkit.common", "softeq.xtoolkit.common", "{2DD21D1B-50A0-4B16-8D8E-A83BEAD9F11D}"
EndProject
Project("{FAE04EC0-301F-11D3-BF4B-00C04F79EFBC}") = "Softeq.XToolkit.Common", "..\XToolkit.Whitelabel\Softeq.XToolkit.Common\Softeq.XToolkit.Common.csproj", "{6253998D-2EF1-49BD-9311-52D35545AC91}"
EndProject
Project("{FAE04EC0-301F-11D3-BF4B-00C04F79EFBC}") = "Softeq.XToolkit.Common.Droid", "..\XToolkit.Whitelabel\Softeq.XToolkit.Common.Droid\Softeq.XToolkit.Common.Droid.csproj", "{18D3FDC1-B0A1-401E-87F2-1C43034E610C}"
EndProject
Global
	GlobalSection(SolutionConfigurationPlatforms) = preSolution
		Debug|Any CPU = Debug|Any CPU
		Release|Any CPU = Release|Any CPU
		Debug|iPhoneSimulator = Debug|iPhoneSimulator
		Release|iPhone = Release|iPhone
		Release|iPhoneSimulator = Release|iPhoneSimulator
		Debug|iPhone = Debug|iPhone
		ReleaseWithBLE|Any CPU = ReleaseWithBLE|Any CPU
		Release.Stage|Any CPU = Release.Stage|Any CPU
	EndGlobalSection
	GlobalSection(ProjectConfigurationPlatforms) = postSolution
		{FE6B959D-070D-4FFC-8A52-4AFDA1AABF87}.Debug|Any CPU.ActiveCfg = Debug|Any CPU
		{FE6B959D-070D-4FFC-8A52-4AFDA1AABF87}.Debug|Any CPU.Build.0 = Debug|Any CPU
		{FE6B959D-070D-4FFC-8A52-4AFDA1AABF87}.Release|Any CPU.ActiveCfg = Release|Any CPU
		{FE6B959D-070D-4FFC-8A52-4AFDA1AABF87}.Release|Any CPU.Build.0 = Release|Any CPU
		{FE6B959D-070D-4FFC-8A52-4AFDA1AABF87}.Debug|iPhoneSimulator.ActiveCfg = Debug|Any CPU
		{FE6B959D-070D-4FFC-8A52-4AFDA1AABF87}.Debug|iPhoneSimulator.Build.0 = Debug|Any CPU
		{FE6B959D-070D-4FFC-8A52-4AFDA1AABF87}.Release|iPhone.ActiveCfg = Release|Any CPU
		{FE6B959D-070D-4FFC-8A52-4AFDA1AABF87}.Release|iPhone.Build.0 = Release|Any CPU
		{FE6B959D-070D-4FFC-8A52-4AFDA1AABF87}.Release|iPhoneSimulator.ActiveCfg = Release|Any CPU
		{FE6B959D-070D-4FFC-8A52-4AFDA1AABF87}.Release|iPhoneSimulator.Build.0 = Release|Any CPU
		{FE6B959D-070D-4FFC-8A52-4AFDA1AABF87}.Debug|iPhone.ActiveCfg = Debug|Any CPU
		{FE6B959D-070D-4FFC-8A52-4AFDA1AABF87}.Debug|iPhone.Build.0 = Debug|Any CPU
		{FE6B959D-070D-4FFC-8A52-4AFDA1AABF87}.ReleaseWithBLE|Any CPU.ActiveCfg = Debug|Any CPU
		{FE6B959D-070D-4FFC-8A52-4AFDA1AABF87}.ReleaseWithBLE|Any CPU.Build.0 = Debug|Any CPU
		{FE6B959D-070D-4FFC-8A52-4AFDA1AABF87}.Release.Stage|Any CPU.ActiveCfg = Debug|Any CPU
		{FE6B959D-070D-4FFC-8A52-4AFDA1AABF87}.Release.Stage|Any CPU.Build.0 = Debug|Any CPU
		{69AF405C-00C8-49E9-8F87-9CEE3FF3D6B4}.Debug|Any CPU.ActiveCfg = Debug|Any CPU
		{69AF405C-00C8-49E9-8F87-9CEE3FF3D6B4}.Debug|Any CPU.Build.0 = Debug|Any CPU
		{69AF405C-00C8-49E9-8F87-9CEE3FF3D6B4}.Release|Any CPU.ActiveCfg = Release|Any CPU
		{69AF405C-00C8-49E9-8F87-9CEE3FF3D6B4}.Release|Any CPU.Build.0 = Release|Any CPU
		{69AF405C-00C8-49E9-8F87-9CEE3FF3D6B4}.Debug|iPhoneSimulator.ActiveCfg = Debug|Any CPU
		{69AF405C-00C8-49E9-8F87-9CEE3FF3D6B4}.Debug|iPhoneSimulator.Build.0 = Debug|Any CPU
		{69AF405C-00C8-49E9-8F87-9CEE3FF3D6B4}.Release|iPhone.ActiveCfg = Release|Any CPU
		{69AF405C-00C8-49E9-8F87-9CEE3FF3D6B4}.Release|iPhone.Build.0 = Release|Any CPU
		{69AF405C-00C8-49E9-8F87-9CEE3FF3D6B4}.Release|iPhoneSimulator.ActiveCfg = Release|Any CPU
		{69AF405C-00C8-49E9-8F87-9CEE3FF3D6B4}.Release|iPhoneSimulator.Build.0 = Release|Any CPU
		{69AF405C-00C8-49E9-8F87-9CEE3FF3D6B4}.Debug|iPhone.ActiveCfg = Debug|Any CPU
		{69AF405C-00C8-49E9-8F87-9CEE3FF3D6B4}.Debug|iPhone.Build.0 = Debug|Any CPU
		{69AF405C-00C8-49E9-8F87-9CEE3FF3D6B4}.ReleaseWithBLE|Any CPU.ActiveCfg = Debug|Any CPU
		{69AF405C-00C8-49E9-8F87-9CEE3FF3D6B4}.ReleaseWithBLE|Any CPU.Build.0 = Debug|Any CPU
		{69AF405C-00C8-49E9-8F87-9CEE3FF3D6B4}.Release.Stage|Any CPU.ActiveCfg = Debug|Any CPU
		{69AF405C-00C8-49E9-8F87-9CEE3FF3D6B4}.Release.Stage|Any CPU.Build.0 = Debug|Any CPU
		{D978B78C-7A56-438E-ACF1-53C50A6B40FD}.Debug|Any CPU.ActiveCfg = Debug|Any CPU
		{D978B78C-7A56-438E-ACF1-53C50A6B40FD}.Debug|Any CPU.Build.0 = Debug|Any CPU
		{D978B78C-7A56-438E-ACF1-53C50A6B40FD}.Release|Any CPU.ActiveCfg = Release|Any CPU
		{D978B78C-7A56-438E-ACF1-53C50A6B40FD}.Release|Any CPU.Build.0 = Release|Any CPU
		{D978B78C-7A56-438E-ACF1-53C50A6B40FD}.Debug|iPhoneSimulator.ActiveCfg = Debug|Any CPU
		{D978B78C-7A56-438E-ACF1-53C50A6B40FD}.Debug|iPhoneSimulator.Build.0 = Debug|Any CPU
		{D978B78C-7A56-438E-ACF1-53C50A6B40FD}.Release|iPhone.ActiveCfg = Release|Any CPU
		{D978B78C-7A56-438E-ACF1-53C50A6B40FD}.Release|iPhone.Build.0 = Release|Any CPU
		{D978B78C-7A56-438E-ACF1-53C50A6B40FD}.Release|iPhoneSimulator.ActiveCfg = Release|Any CPU
		{D978B78C-7A56-438E-ACF1-53C50A6B40FD}.Release|iPhoneSimulator.Build.0 = Release|Any CPU
		{D978B78C-7A56-438E-ACF1-53C50A6B40FD}.Debug|iPhone.ActiveCfg = Debug|Any CPU
		{D978B78C-7A56-438E-ACF1-53C50A6B40FD}.Debug|iPhone.Build.0 = Debug|Any CPU
		{D978B78C-7A56-438E-ACF1-53C50A6B40FD}.ReleaseWithBLE|Any CPU.ActiveCfg = Debug|Any CPU
		{D978B78C-7A56-438E-ACF1-53C50A6B40FD}.ReleaseWithBLE|Any CPU.Build.0 = Debug|Any CPU
		{D978B78C-7A56-438E-ACF1-53C50A6B40FD}.Release.Stage|Any CPU.ActiveCfg = Debug|Any CPU
		{D978B78C-7A56-438E-ACF1-53C50A6B40FD}.Release.Stage|Any CPU.Build.0 = Debug|Any CPU
		{6C0776B7-23E3-4EFD-BE91-F64CC60ACB82}.Debug|Any CPU.ActiveCfg = Debug|Any CPU
		{6C0776B7-23E3-4EFD-BE91-F64CC60ACB82}.Debug|Any CPU.Build.0 = Debug|Any CPU
		{6C0776B7-23E3-4EFD-BE91-F64CC60ACB82}.Release|Any CPU.ActiveCfg = Release|Any CPU
		{6C0776B7-23E3-4EFD-BE91-F64CC60ACB82}.Release|Any CPU.Build.0 = Release|Any CPU
		{6C0776B7-23E3-4EFD-BE91-F64CC60ACB82}.Debug|iPhoneSimulator.ActiveCfg = Debug|Any CPU
		{6C0776B7-23E3-4EFD-BE91-F64CC60ACB82}.Debug|iPhoneSimulator.Build.0 = Debug|Any CPU
		{6C0776B7-23E3-4EFD-BE91-F64CC60ACB82}.Release|iPhone.ActiveCfg = Release|Any CPU
		{6C0776B7-23E3-4EFD-BE91-F64CC60ACB82}.Release|iPhone.Build.0 = Release|Any CPU
		{6C0776B7-23E3-4EFD-BE91-F64CC60ACB82}.Release|iPhoneSimulator.ActiveCfg = Release|Any CPU
		{6C0776B7-23E3-4EFD-BE91-F64CC60ACB82}.Release|iPhoneSimulator.Build.0 = Release|Any CPU
		{6C0776B7-23E3-4EFD-BE91-F64CC60ACB82}.Debug|iPhone.ActiveCfg = Debug|Any CPU
		{6C0776B7-23E3-4EFD-BE91-F64CC60ACB82}.Debug|iPhone.Build.0 = Debug|Any CPU
		{6C0776B7-23E3-4EFD-BE91-F64CC60ACB82}.ReleaseWithBLE|Any CPU.ActiveCfg = Debug|Any CPU
		{6C0776B7-23E3-4EFD-BE91-F64CC60ACB82}.ReleaseWithBLE|Any CPU.Build.0 = Debug|Any CPU
		{6C0776B7-23E3-4EFD-BE91-F64CC60ACB82}.Release.Stage|Any CPU.ActiveCfg = Debug|Any CPU
		{6C0776B7-23E3-4EFD-BE91-F64CC60ACB82}.Release.Stage|Any CPU.Build.0 = Debug|Any CPU
		{E4B0BBF2-0CF5-44C2-A03C-BA46B31EF93A}.Debug|Any CPU.ActiveCfg = Debug|Any CPU
		{E4B0BBF2-0CF5-44C2-A03C-BA46B31EF93A}.Debug|Any CPU.Build.0 = Debug|Any CPU
		{E4B0BBF2-0CF5-44C2-A03C-BA46B31EF93A}.Release|Any CPU.ActiveCfg = Release|Any CPU
		{E4B0BBF2-0CF5-44C2-A03C-BA46B31EF93A}.Release|Any CPU.Build.0 = Release|Any CPU
		{E4B0BBF2-0CF5-44C2-A03C-BA46B31EF93A}.Debug|iPhoneSimulator.ActiveCfg = Debug|Any CPU
		{E4B0BBF2-0CF5-44C2-A03C-BA46B31EF93A}.Debug|iPhoneSimulator.Build.0 = Debug|Any CPU
		{E4B0BBF2-0CF5-44C2-A03C-BA46B31EF93A}.Release|iPhone.ActiveCfg = Release|Any CPU
		{E4B0BBF2-0CF5-44C2-A03C-BA46B31EF93A}.Release|iPhone.Build.0 = Release|Any CPU
		{E4B0BBF2-0CF5-44C2-A03C-BA46B31EF93A}.Release|iPhoneSimulator.ActiveCfg = Release|Any CPU
		{E4B0BBF2-0CF5-44C2-A03C-BA46B31EF93A}.Release|iPhoneSimulator.Build.0 = Release|Any CPU
		{E4B0BBF2-0CF5-44C2-A03C-BA46B31EF93A}.Debug|iPhone.ActiveCfg = Debug|Any CPU
		{E4B0BBF2-0CF5-44C2-A03C-BA46B31EF93A}.Debug|iPhone.Build.0 = Debug|Any CPU
		{E4B0BBF2-0CF5-44C2-A03C-BA46B31EF93A}.ReleaseWithBLE|Any CPU.ActiveCfg = Debug|Any CPU
		{E4B0BBF2-0CF5-44C2-A03C-BA46B31EF93A}.ReleaseWithBLE|Any CPU.Build.0 = Debug|Any CPU
		{E4B0BBF2-0CF5-44C2-A03C-BA46B31EF93A}.Release.Stage|Any CPU.ActiveCfg = Release.Stage|Any CPU
		{E4B0BBF2-0CF5-44C2-A03C-BA46B31EF93A}.Release.Stage|Any CPU.Build.0 = Release.Stage|Any CPU
		{9A702878-8818-4737-B6AA-A2768C42382B}.Debug|Any CPU.ActiveCfg = Debug|Any CPU
		{9A702878-8818-4737-B6AA-A2768C42382B}.Debug|Any CPU.Build.0 = Debug|Any CPU
		{9A702878-8818-4737-B6AA-A2768C42382B}.Release|Any CPU.ActiveCfg = Release|Any CPU
		{9A702878-8818-4737-B6AA-A2768C42382B}.Release|Any CPU.Build.0 = Release|Any CPU
		{9A702878-8818-4737-B6AA-A2768C42382B}.Debug|iPhoneSimulator.ActiveCfg = Debug|Any CPU
		{9A702878-8818-4737-B6AA-A2768C42382B}.Debug|iPhoneSimulator.Build.0 = Debug|Any CPU
		{9A702878-8818-4737-B6AA-A2768C42382B}.Release|iPhone.ActiveCfg = Release|Any CPU
		{9A702878-8818-4737-B6AA-A2768C42382B}.Release|iPhone.Build.0 = Release|Any CPU
		{9A702878-8818-4737-B6AA-A2768C42382B}.Release|iPhoneSimulator.ActiveCfg = Release|Any CPU
		{9A702878-8818-4737-B6AA-A2768C42382B}.Debug|iPhone.ActiveCfg = Debug|Any CPU
		{9A702878-8818-4737-B6AA-A2768C42382B}.Debug|iPhone.Build.0 = Debug|Any CPU
		{9A702878-8818-4737-B6AA-A2768C42382B}.ReleaseWithBLE|Any CPU.ActiveCfg = Debug|Any CPU
		{9A702878-8818-4737-B6AA-A2768C42382B}.ReleaseWithBLE|Any CPU.Build.0 = Debug|Any CPU
		{9A702878-8818-4737-B6AA-A2768C42382B}.Release.Stage|Any CPU.ActiveCfg = Release.Stage|Any CPU
		{9A702878-8818-4737-B6AA-A2768C42382B}.Release.Stage|Any CPU.Build.0 = Release.Stage|Any CPU
		{DA131D9B-3B7B-4D65-9D25-CAAF7426F2C9}.Debug|Any CPU.ActiveCfg = Debug|Any CPU
		{DA131D9B-3B7B-4D65-9D25-CAAF7426F2C9}.Debug|Any CPU.Build.0 = Debug|Any CPU
		{DA131D9B-3B7B-4D65-9D25-CAAF7426F2C9}.Release|Any CPU.ActiveCfg = Release|Any CPU
		{DA131D9B-3B7B-4D65-9D25-CAAF7426F2C9}.Release|Any CPU.Build.0 = Release|Any CPU
		{DA131D9B-3B7B-4D65-9D25-CAAF7426F2C9}.Debug|iPhoneSimulator.ActiveCfg = Debug|Any CPU
		{DA131D9B-3B7B-4D65-9D25-CAAF7426F2C9}.Debug|iPhoneSimulator.Build.0 = Debug|Any CPU
		{DA131D9B-3B7B-4D65-9D25-CAAF7426F2C9}.Release|iPhone.ActiveCfg = Release|Any CPU
		{DA131D9B-3B7B-4D65-9D25-CAAF7426F2C9}.Release|iPhone.Build.0 = Release|Any CPU
		{DA131D9B-3B7B-4D65-9D25-CAAF7426F2C9}.Release|iPhoneSimulator.ActiveCfg = Release|Any CPU
		{DA131D9B-3B7B-4D65-9D25-CAAF7426F2C9}.Release|iPhoneSimulator.Build.0 = Release|Any CPU
		{DA131D9B-3B7B-4D65-9D25-CAAF7426F2C9}.Debug|iPhone.ActiveCfg = Debug|Any CPU
		{DA131D9B-3B7B-4D65-9D25-CAAF7426F2C9}.Debug|iPhone.Build.0 = Debug|Any CPU
		{DA131D9B-3B7B-4D65-9D25-CAAF7426F2C9}.ReleaseWithBLE|Any CPU.ActiveCfg = Debug|Any CPU
		{DA131D9B-3B7B-4D65-9D25-CAAF7426F2C9}.ReleaseWithBLE|Any CPU.Build.0 = Debug|Any CPU
		{DA131D9B-3B7B-4D65-9D25-CAAF7426F2C9}.Release.Stage|Any CPU.ActiveCfg = Debug|Any CPU
		{DA131D9B-3B7B-4D65-9D25-CAAF7426F2C9}.Release.Stage|Any CPU.Build.0 = Debug|Any CPU
		{E08C674D-C9AA-4E39-A109-DB56C2489210}.Debug|Any CPU.ActiveCfg = Debug|Any CPU
		{E08C674D-C9AA-4E39-A109-DB56C2489210}.Debug|Any CPU.Build.0 = Debug|Any CPU
		{E08C674D-C9AA-4E39-A109-DB56C2489210}.Release|Any CPU.ActiveCfg = Release|Any CPU
		{E08C674D-C9AA-4E39-A109-DB56C2489210}.Release|Any CPU.Build.0 = Release|Any CPU
		{E08C674D-C9AA-4E39-A109-DB56C2489210}.Debug|iPhoneSimulator.ActiveCfg = Debug|Any CPU
		{E08C674D-C9AA-4E39-A109-DB56C2489210}.Debug|iPhoneSimulator.Build.0 = Debug|Any CPU
		{E08C674D-C9AA-4E39-A109-DB56C2489210}.Release|iPhone.ActiveCfg = Release|Any CPU
		{E08C674D-C9AA-4E39-A109-DB56C2489210}.Release|iPhone.Build.0 = Release|Any CPU
		{E08C674D-C9AA-4E39-A109-DB56C2489210}.Release|iPhoneSimulator.ActiveCfg = Release|Any CPU
		{E08C674D-C9AA-4E39-A109-DB56C2489210}.Release|iPhoneSimulator.Build.0 = Release|Any CPU
		{E08C674D-C9AA-4E39-A109-DB56C2489210}.Debug|iPhone.ActiveCfg = Debug|Any CPU
		{E08C674D-C9AA-4E39-A109-DB56C2489210}.Debug|iPhone.Build.0 = Debug|Any CPU
		{E08C674D-C9AA-4E39-A109-DB56C2489210}.ReleaseWithBLE|Any CPU.ActiveCfg = Debug|Any CPU
		{E08C674D-C9AA-4E39-A109-DB56C2489210}.ReleaseWithBLE|Any CPU.Build.0 = Debug|Any CPU
		{E08C674D-C9AA-4E39-A109-DB56C2489210}.Release.Stage|Any CPU.ActiveCfg = Debug|Any CPU
		{E08C674D-C9AA-4E39-A109-DB56C2489210}.Release.Stage|Any CPU.Build.0 = Debug|Any CPU
		{5E09A821-884F-41D8-8491-D3C6B8D77404}.Debug|Any CPU.ActiveCfg = Debug|Any CPU
		{5E09A821-884F-41D8-8491-D3C6B8D77404}.Debug|Any CPU.Build.0 = Debug|Any CPU
		{5E09A821-884F-41D8-8491-D3C6B8D77404}.Release|Any CPU.ActiveCfg = Release|Any CPU
		{5E09A821-884F-41D8-8491-D3C6B8D77404}.Release|Any CPU.Build.0 = Release|Any CPU
		{5E09A821-884F-41D8-8491-D3C6B8D77404}.Debug|iPhoneSimulator.ActiveCfg = Debug|Any CPU
		{5E09A821-884F-41D8-8491-D3C6B8D77404}.Debug|iPhoneSimulator.Build.0 = Debug|Any CPU
		{5E09A821-884F-41D8-8491-D3C6B8D77404}.Release|iPhone.ActiveCfg = Release|Any CPU
		{5E09A821-884F-41D8-8491-D3C6B8D77404}.Release|iPhone.Build.0 = Release|Any CPU
		{5E09A821-884F-41D8-8491-D3C6B8D77404}.Release|iPhoneSimulator.ActiveCfg = Release|Any CPU
		{5E09A821-884F-41D8-8491-D3C6B8D77404}.Debug|iPhone.ActiveCfg = Debug|Any CPU
		{5E09A821-884F-41D8-8491-D3C6B8D77404}.Debug|iPhone.Build.0 = Debug|Any CPU
		{5E09A821-884F-41D8-8491-D3C6B8D77404}.ReleaseWithBLE|Any CPU.ActiveCfg = Debug|Any CPU
		{5E09A821-884F-41D8-8491-D3C6B8D77404}.ReleaseWithBLE|Any CPU.Build.0 = Debug|Any CPU
		{5E09A821-884F-41D8-8491-D3C6B8D77404}.Release.Stage|Any CPU.ActiveCfg = Release.Stage|Any CPU
		{5E09A821-884F-41D8-8491-D3C6B8D77404}.Release.Stage|Any CPU.Build.0 = Release.Stage|Any CPU
		{45666951-B87E-4CE0-861A-A9B6A3DD37A1}.Debug|Any CPU.ActiveCfg = Debug|Any CPU
		{45666951-B87E-4CE0-861A-A9B6A3DD37A1}.Debug|Any CPU.Build.0 = Debug|Any CPU
		{45666951-B87E-4CE0-861A-A9B6A3DD37A1}.Release|Any CPU.ActiveCfg = Release|Any CPU
		{45666951-B87E-4CE0-861A-A9B6A3DD37A1}.Release|Any CPU.Build.0 = Release|Any CPU
		{45666951-B87E-4CE0-861A-A9B6A3DD37A1}.Debug|iPhoneSimulator.ActiveCfg = Debug|Any CPU
		{45666951-B87E-4CE0-861A-A9B6A3DD37A1}.Debug|iPhoneSimulator.Build.0 = Debug|Any CPU
		{45666951-B87E-4CE0-861A-A9B6A3DD37A1}.Release|iPhone.ActiveCfg = Release|Any CPU
		{45666951-B87E-4CE0-861A-A9B6A3DD37A1}.Release|iPhone.Build.0 = Release|Any CPU
		{45666951-B87E-4CE0-861A-A9B6A3DD37A1}.Release|iPhoneSimulator.ActiveCfg = Release|Any CPU
		{45666951-B87E-4CE0-861A-A9B6A3DD37A1}.Release|iPhoneSimulator.Build.0 = Release|Any CPU
		{45666951-B87E-4CE0-861A-A9B6A3DD37A1}.Debug|iPhone.ActiveCfg = Debug|Any CPU
		{45666951-B87E-4CE0-861A-A9B6A3DD37A1}.Debug|iPhone.Build.0 = Debug|Any CPU
		{45666951-B87E-4CE0-861A-A9B6A3DD37A1}.ReleaseWithBLE|Any CPU.ActiveCfg = Debug|Any CPU
		{45666951-B87E-4CE0-861A-A9B6A3DD37A1}.ReleaseWithBLE|Any CPU.Build.0 = Debug|Any CPU
		{45666951-B87E-4CE0-861A-A9B6A3DD37A1}.Release.Stage|Any CPU.ActiveCfg = Release.Stage|Any CPU
		{45666951-B87E-4CE0-861A-A9B6A3DD37A1}.Release.Stage|Any CPU.Build.0 = Release.Stage|Any CPU
		{9828585A-6EF5-4536-917A-229EFC15B119}.Debug|Any CPU.ActiveCfg = Debug|Any CPU
		{9828585A-6EF5-4536-917A-229EFC15B119}.Debug|Any CPU.Build.0 = Debug|Any CPU
		{9828585A-6EF5-4536-917A-229EFC15B119}.Release|Any CPU.ActiveCfg = Release|Any CPU
		{9828585A-6EF5-4536-917A-229EFC15B119}.Release|Any CPU.Build.0 = Release|Any CPU
		{9828585A-6EF5-4536-917A-229EFC15B119}.Debug|iPhoneSimulator.ActiveCfg = Debug|Any CPU
		{9828585A-6EF5-4536-917A-229EFC15B119}.Debug|iPhoneSimulator.Build.0 = Debug|Any CPU
		{9828585A-6EF5-4536-917A-229EFC15B119}.Release|iPhone.ActiveCfg = Release|Any CPU
		{9828585A-6EF5-4536-917A-229EFC15B119}.Release|iPhone.Build.0 = Release|Any CPU
		{9828585A-6EF5-4536-917A-229EFC15B119}.Release|iPhoneSimulator.ActiveCfg = Release|Any CPU
		{9828585A-6EF5-4536-917A-229EFC15B119}.Release|iPhoneSimulator.Build.0 = Release|Any CPU
		{9828585A-6EF5-4536-917A-229EFC15B119}.Debug|iPhone.ActiveCfg = Debug|Any CPU
		{9828585A-6EF5-4536-917A-229EFC15B119}.Debug|iPhone.Build.0 = Debug|Any CPU
		{9828585A-6EF5-4536-917A-229EFC15B119}.ReleaseWithBLE|Any CPU.ActiveCfg = Debug|Any CPU
		{9828585A-6EF5-4536-917A-229EFC15B119}.ReleaseWithBLE|Any CPU.Build.0 = Debug|Any CPU
		{9828585A-6EF5-4536-917A-229EFC15B119}.Release.Stage|Any CPU.ActiveCfg = Debug|Any CPU
		{9828585A-6EF5-4536-917A-229EFC15B119}.Release.Stage|Any CPU.Build.0 = Debug|Any CPU
		{720E6A6E-48FE-4563-9743-41B4E3C4DD56}.Debug|Any CPU.ActiveCfg = Debug|Any CPU
		{720E6A6E-48FE-4563-9743-41B4E3C4DD56}.Debug|Any CPU.Build.0 = Debug|Any CPU
		{720E6A6E-48FE-4563-9743-41B4E3C4DD56}.Release|Any CPU.ActiveCfg = Release|Any CPU
		{720E6A6E-48FE-4563-9743-41B4E3C4DD56}.Release|Any CPU.Build.0 = Release|Any CPU
		{720E6A6E-48FE-4563-9743-41B4E3C4DD56}.Debug|iPhoneSimulator.ActiveCfg = Debug|Any CPU
		{720E6A6E-48FE-4563-9743-41B4E3C4DD56}.Debug|iPhoneSimulator.Build.0 = Debug|Any CPU
		{720E6A6E-48FE-4563-9743-41B4E3C4DD56}.Release|iPhone.ActiveCfg = Release|Any CPU
		{720E6A6E-48FE-4563-9743-41B4E3C4DD56}.Release|iPhone.Build.0 = Release|Any CPU
		{720E6A6E-48FE-4563-9743-41B4E3C4DD56}.Release|iPhoneSimulator.ActiveCfg = Release|Any CPU
		{720E6A6E-48FE-4563-9743-41B4E3C4DD56}.Debug|iPhone.ActiveCfg = Debug|Any CPU
		{720E6A6E-48FE-4563-9743-41B4E3C4DD56}.Debug|iPhone.Build.0 = Debug|Any CPU
		{720E6A6E-48FE-4563-9743-41B4E3C4DD56}.Release.Stage|Any CPU.ActiveCfg = Debug|Any CPU
		{720E6A6E-48FE-4563-9743-41B4E3C4DD56}.Release.Stage|Any CPU.Build.0 = Debug|Any CPU
		{720E6A6E-48FE-4563-9743-41B4E3C4DD56}.ReleaseWithBLE|Any CPU.ActiveCfg = Debug|Any CPU
		{720E6A6E-48FE-4563-9743-41B4E3C4DD56}.ReleaseWithBLE|Any CPU.Build.0 = Debug|Any CPU
		{6253998D-2EF1-49BD-9311-52D35545AC91}.Debug|Any CPU.ActiveCfg = Debug|Any CPU
		{6253998D-2EF1-49BD-9311-52D35545AC91}.Debug|Any CPU.Build.0 = Debug|Any CPU
		{6253998D-2EF1-49BD-9311-52D35545AC91}.Release|Any CPU.ActiveCfg = Release|Any CPU
		{6253998D-2EF1-49BD-9311-52D35545AC91}.Release|Any CPU.Build.0 = Release|Any CPU
		{6253998D-2EF1-49BD-9311-52D35545AC91}.Debug|iPhoneSimulator.ActiveCfg = Debug|Any CPU
		{6253998D-2EF1-49BD-9311-52D35545AC91}.Debug|iPhoneSimulator.Build.0 = Debug|Any CPU
		{6253998D-2EF1-49BD-9311-52D35545AC91}.Release|iPhone.ActiveCfg = Release|Any CPU
		{6253998D-2EF1-49BD-9311-52D35545AC91}.Release|iPhone.Build.0 = Release|Any CPU
		{6253998D-2EF1-49BD-9311-52D35545AC91}.Release|iPhoneSimulator.ActiveCfg = Release|Any CPU
		{6253998D-2EF1-49BD-9311-52D35545AC91}.Release|iPhoneSimulator.Build.0 = Release|Any CPU
		{6253998D-2EF1-49BD-9311-52D35545AC91}.Debug|iPhone.ActiveCfg = Debug|Any CPU
		{6253998D-2EF1-49BD-9311-52D35545AC91}.Debug|iPhone.Build.0 = Debug|Any CPU
		{6253998D-2EF1-49BD-9311-52D35545AC91}.ReleaseWithBLE|Any CPU.ActiveCfg = Debug|Any CPU
		{6253998D-2EF1-49BD-9311-52D35545AC91}.ReleaseWithBLE|Any CPU.Build.0 = Debug|Any CPU
		{6253998D-2EF1-49BD-9311-52D35545AC91}.Release.Stage|Any CPU.ActiveCfg = Debug|Any CPU
		{6253998D-2EF1-49BD-9311-52D35545AC91}.Release.Stage|Any CPU.Build.0 = Debug|Any CPU
		{18D3FDC1-B0A1-401E-87F2-1C43034E610C}.Debug|Any CPU.ActiveCfg = Debug|Any CPU
		{18D3FDC1-B0A1-401E-87F2-1C43034E610C}.Debug|Any CPU.Build.0 = Debug|Any CPU
		{18D3FDC1-B0A1-401E-87F2-1C43034E610C}.Release|Any CPU.ActiveCfg = Release|Any CPU
		{18D3FDC1-B0A1-401E-87F2-1C43034E610C}.Release|Any CPU.Build.0 = Release|Any CPU
		{18D3FDC1-B0A1-401E-87F2-1C43034E610C}.Debug|iPhoneSimulator.ActiveCfg = Debug|Any CPU
		{18D3FDC1-B0A1-401E-87F2-1C43034E610C}.Debug|iPhoneSimulator.Build.0 = Debug|Any CPU
		{18D3FDC1-B0A1-401E-87F2-1C43034E610C}.Release|iPhone.ActiveCfg = Release|Any CPU
		{18D3FDC1-B0A1-401E-87F2-1C43034E610C}.Release|iPhone.Build.0 = Release|Any CPU
		{18D3FDC1-B0A1-401E-87F2-1C43034E610C}.Release|iPhoneSimulator.ActiveCfg = Release|Any CPU
		{18D3FDC1-B0A1-401E-87F2-1C43034E610C}.Release|iPhoneSimulator.Build.0 = Release|Any CPU
		{18D3FDC1-B0A1-401E-87F2-1C43034E610C}.Debug|iPhone.ActiveCfg = Debug|Any CPU
		{18D3FDC1-B0A1-401E-87F2-1C43034E610C}.Debug|iPhone.Build.0 = Debug|Any CPU
		{18D3FDC1-B0A1-401E-87F2-1C43034E610C}.ReleaseWithBLE|Any CPU.ActiveCfg = Debug|Any CPU
		{18D3FDC1-B0A1-401E-87F2-1C43034E610C}.ReleaseWithBLE|Any CPU.Build.0 = Debug|Any CPU
		{18D3FDC1-B0A1-401E-87F2-1C43034E610C}.Release.Stage|Any CPU.ActiveCfg = Debug|Any CPU
		{18D3FDC1-B0A1-401E-87F2-1C43034E610C}.Release.Stage|Any CPU.Build.0 = Debug|Any CPU
	EndGlobalSection
	GlobalSection(SolutionProperties) = preSolution
		HideSolutionNode = FALSE
	EndGlobalSection
	GlobalSection(NestedProjects) = preSolution
		{FE6B959D-070D-4FFC-8A52-4AFDA1AABF87} = {F175CBD8-15BB-4446-A1FB-1490D23D5DCF}
		{6C0776B7-23E3-4EFD-BE91-F64CC60ACB82} = {F6D23F1D-65F5-4D04-9B95-73581803DC07}
		{9A702878-8818-4737-B6AA-A2768C42382B} = {F6D23F1D-65F5-4D04-9B95-73581803DC07}
		{E4B0BBF2-0CF5-44C2-A03C-BA46B31EF93A} = {F6D23F1D-65F5-4D04-9B95-73581803DC07}
		{DA131D9B-3B7B-4D65-9D25-CAAF7426F2C9} = {581C6227-4FC6-428C-893C-BA70F8EFE4CE}
		{E08C674D-C9AA-4E39-A109-DB56C2489210} = {2AFF9117-6043-446D-B670-953810D696DF}
		{5E09A821-884F-41D8-8491-D3C6B8D77404} = {2AFF9117-6043-446D-B670-953810D696DF}
		{45666951-B87E-4CE0-861A-A9B6A3DD37A1} = {2AFF9117-6043-446D-B670-953810D696DF}
		{9828585A-6EF5-4536-917A-229EFC15B119} = {581C6227-4FC6-428C-893C-BA70F8EFE4CE}
		{6253998D-2EF1-49BD-9311-52D35545AC91} = {2DD21D1B-50A0-4B16-8D8E-A83BEAD9F11D}
		{18D3FDC1-B0A1-401E-87F2-1C43034E610C} = {2DD21D1B-50A0-4B16-8D8E-A83BEAD9F11D}
	EndGlobalSection
EndGlobal
